
Microsoft Visual Studio Solution File, Format Version 12.00
# Visual Studio Version 16
VisualStudioVersion = 16.0.30204.135
MinimumVisualStudioVersion = 10.0.40219.1
Project("{FAE04EC0-301F-11D3-BF4B-00C04F79EFBC}") = "FlipShop-OnlineShopping", "FlipShop-OnlineShopping.csproj", "{19E6326A-64C4-431B-8F29-43DE9EA518D4}"
EndProject
Global
	GlobalSection(SolutionConfigurationPlatforms) = preSolution
		Debug|Any CPU = Debug|Any CPU
		Release|Any CPU = Release|Any CPU
	EndGlobalSection
	GlobalSection(ProjectConfigurationPlatforms) = postSolution
		{19E6326A-64C4-431B-8F29-43DE9EA518D4}.Debug|Any CPU.ActiveCfg = Debug|Any CPU
		{19E6326A-64C4-431B-8F29-43DE9EA518D4}.Debug|Any CPU.Build.0 = Debug|Any CPU
		{19E6326A-64C4-431B-8F29-43DE9EA518D4}.Release|Any CPU.ActiveCfg = Release|Any CPU
		{19E6326A-64C4-431B-8F29-43DE9EA518D4}.Release|Any CPU.Build.0 = Release|Any CPU
	EndGlobalSection
	GlobalSection(SolutionProperties) = preSolution
		HideSolutionNode = FALSE
	EndGlobalSection
	GlobalSection(ExtensibilityGlobals) = postSolution
		SolutionGuid = {C72DE3E8-A2EF-496F-BF99-7E81731DB834}
	EndGlobalSection
EndGlobal
